
Microsoft Visual Studio Solution File, Format Version 12.00
# Visual Studio Version 16
VisualStudioVersion = 16.0.31729.503
MinimumVisualStudioVersion = 10.0.40219.1
Project("{FAE04EC0-301F-11D3-BF4B-00C04F79EFBC}") = "RentalKendaraan", "RentalKendaraan\RentalKendaraan.csproj", "{419309A9-C9FE-486D-8CA5-7E0A44329C2D}"
EndProject
Global
	GlobalSection(SolutionConfigurationPlatforms) = preSolution
		Debug|Any CPU = Debug|Any CPU
		Release|Any CPU = Release|Any CPU
	EndGlobalSection
	GlobalSection(ProjectConfigurationPlatforms) = postSolution
		{419309A9-C9FE-486D-8CA5-7E0A44329C2D}.Debug|Any CPU.ActiveCfg = Debug|Any CPU
		{419309A9-C9FE-486D-8CA5-7E0A44329C2D}.Debug|Any CPU.Build.0 = Debug|Any CPU
		{419309A9-C9FE-486D-8CA5-7E0A44329C2D}.Release|Any CPU.ActiveCfg = Release|Any CPU
		{419309A9-C9FE-486D-8CA5-7E0A44329C2D}.Release|Any CPU.Build.0 = Release|Any CPU
	EndGlobalSection
	GlobalSection(SolutionProperties) = preSolution
		HideSolutionNode = FALSE
	EndGlobalSection
	GlobalSection(ExtensibilityGlobals) = postSolution
		SolutionGuid = {E9BAE0D9-9331-47D8-9EF6-6E030CB51ABE}
	EndGlobalSection
EndGlobal
